{
  "name": "@curvewise/armscyence-types-vogue",
  "version": "0.0.0",
  "lockfileVersion": 2,
  "requires": true,
  "packages": {
    "": {
      "name": "@curvewise/armscyence-types-vogue",
      "version": "0.0.0",
      "license": "UNLICENSED",
      "dependencies": {
        "@curvewise/vogue-view-build": "1.0.0-alpha.3",
        "werkit": "0.21.1"
      }
    },
    "node_modules/@curvewise/common-types": {
      "version": "1.1.0-alpha.1",
      "resolved": "https://npm.pkg.github.com/download/@curvewise/common-types/1.1.0-alpha.1/41e0b0b91c8626d3da8625e33efe7a7b257602d1e3e12843472c8dc5171bd2d0",
      "integrity": "sha512-V82DLFDVZVzQGTEuivBVCEhfCUwzN2l14f8oc6/y1HdgWp0Whut8L2z4CIREfj9GmKZGtZHLmnmmUu4xW2A8cQ==",
      "license": "UNLICENSED"
    },
    "node_modules/@curvewise/vogue-view-build": {
      "version": "1.0.0-alpha.3",
      "resolved": "https://npm.pkg.github.com/download/@curvewise/vogue-view-build/1.0.0-alpha.3/646a303ff810e7fbe87453887accfb2c21d48fcda80321fca229488277507c81",
      "integrity": "sha512-2mRB2gT2I5n0yFBHUcwpaC+TsB+kNwUIzsK6Ui5JmcOs+dbfHvTHcf/Zkc3IdHJH8ahqrv4lZmlSpAsyR9d6UA==",
      "license": "UNLICENSED",
      "dependencies": {
        "@curvewise/common-types": "1.1.0-alpha.1"
      }
    },
    "node_modules/werkit": {
      "version": "0.21.1",
      "resolved": "https://registry.npmjs.org/werkit/-/werkit-0.21.1.tgz",
      "integrity": "sha512-Bn2+MRWXsj8bTEYbIawekyszH2TmSGS3dpzQiIs593F3S+wp4SXDNt114dA7lkMH1h4Vlqx6ZdVQPzZPrDmF8Q=="
    }
  },
  "dependencies": {
    "@curvewise/common-types": {
      "version": "1.1.0-alpha.1",
      "resolved": "https://npm.pkg.github.com/download/@curvewise/common-types/1.1.0-alpha.1/41e0b0b91c8626d3da8625e33efe7a7b257602d1e3e12843472c8dc5171bd2d0",
      "integrity": "sha512-V82DLFDVZVzQGTEuivBVCEhfCUwzN2l14f8oc6/y1HdgWp0Whut8L2z4CIREfj9GmKZGtZHLmnmmUu4xW2A8cQ=="
    },
    "@curvewise/vogue-view-build": {
      "version": "1.0.0-alpha.3",
      "resolved": "https://npm.pkg.github.com/download/@curvewise/vogue-view-build/1.0.0-alpha.3/646a303ff810e7fbe87453887accfb2c21d48fcda80321fca229488277507c81",
      "integrity": "sha512-2mRB2gT2I5n0yFBHUcwpaC+TsB+kNwUIzsK6Ui5JmcOs+dbfHvTHcf/Zkc3IdHJH8ahqrv4lZmlSpAsyR9d6UA==",
      "requires": {
        "@curvewise/common-types": "1.1.0-alpha.1"
      }
    },
    "werkit": {
      "version": "0.21.1",
      "resolved": "https://registry.npmjs.org/werkit/-/werkit-0.21.1.tgz",
      "integrity": "sha512-Bn2+MRWXsj8bTEYbIawekyszH2TmSGS3dpzQiIs593F3S+wp4SXDNt114dA7lkMH1h4Vlqx6ZdVQPzZPrDmF8Q=="
    }
  }
}
